
Microsoft Visual Studio Solution File, Format Version 12.00
# Visual Studio 15
VisualStudioVersion = 15.0.26124.0
MinimumVisualStudioVersion = 15.0.26124.0
Project("{2150E333-8FDC-42A3-9474-1A3956D46DE8}") = "src", "src", "{D3CB86B3-24DF-46D1-BCD7-4CBC7DDC7DD2}"
EndProject
Project("{FAE04EC0-301F-11D3-BF4B-00C04F79EFBC}") = "Actio.Api", "src\Actio.Api\Actio.Api.csproj", "{414497A0-C997-48C6-A2BE-CCFEABF833A6}"
EndProject
Project("{FAE04EC0-301F-11D3-BF4B-00C04F79EFBC}") = "Actio.Common", "src\Actio.Common\Actio.Common.csproj", "{5B95D3D9-9869-4B28-BA19-C0E4349A0887}"
EndProject
Project("{FAE04EC0-301F-11D3-BF4B-00C04F79EFBC}") = "Actio.Services.Activities", "src\Actio.Services.Activities\Actio.Services.Activities.csproj", "{199CDED0-5668-4F0E-8EA8-B4A925C7915F}"
EndProject
Project("{FAE04EC0-301F-11D3-BF4B-00C04F79EFBC}") = "Actio.Services.Identity", "src\Actio.Services.Identity\Actio.Services.Identity.csproj", "{B3BBDD00-EA72-42C9-87BD-034FC5CCA255}"
EndProject
Project("{2150E333-8FDC-42A3-9474-1A3956D46DE8}") = "tests", "tests", "{1A051F0A-501C-4BF1-92E0-9A4E7C465BAB}"
EndProject
Project("{FAE04EC0-301F-11D3-BF4B-00C04F79EFBC}") = "Actio.Api.Tests", "tests\Actio.Api.Tests\Actio.Api.Tests.csproj", "{6977CC95-66B9-4B8E-8478-79C501E51AF7}"
EndProject
Project("{FAE04EC0-301F-11D3-BF4B-00C04F79EFBC}") = "Actio.Services.Activity.Tests", "tests\Actio.Services.Activity.Tests\Actio.Services.Activity.Tests.csproj", "{ADFDB11E-CCB5-42A9-91C5-ED260DE34AA9}"
EndProject
Project("{FAE04EC0-301F-11D3-BF4B-00C04F79EFBC}") = "Actio.Services.Identity.Tests", "tests\Actio.Services.Identity.Tests\Actio.Services.Identity.Tests.csproj", "{9347B279-8C2D-44A6-B1C6-535F118E9625}"
EndProject
Global
	GlobalSection(SolutionConfigurationPlatforms) = preSolution
		Debug|Any CPU = Debug|Any CPU
		Debug|x64 = Debug|x64
		Debug|x86 = Debug|x86
		Release|Any CPU = Release|Any CPU
		Release|x64 = Release|x64
		Release|x86 = Release|x86
	EndGlobalSection
	GlobalSection(SolutionProperties) = preSolution
		HideSolutionNode = FALSE
	EndGlobalSection
	GlobalSection(ProjectConfigurationPlatforms) = postSolution
		{414497A0-C997-48C6-A2BE-CCFEABF833A6}.Debug|Any CPU.ActiveCfg = Debug|Any CPU
		{414497A0-C997-48C6-A2BE-CCFEABF833A6}.Debug|Any CPU.Build.0 = Debug|Any CPU
		{414497A0-C997-48C6-A2BE-CCFEABF833A6}.Debug|x64.ActiveCfg = Debug|Any CPU
		{414497A0-C997-48C6-A2BE-CCFEABF833A6}.Debug|x64.Build.0 = Debug|Any CPU
		{414497A0-C997-48C6-A2BE-CCFEABF833A6}.Debug|x86.ActiveCfg = Debug|Any CPU
		{414497A0-C997-48C6-A2BE-CCFEABF833A6}.Debug|x86.Build.0 = Debug|Any CPU
		{414497A0-C997-48C6-A2BE-CCFEABF833A6}.Release|Any CPU.ActiveCfg = Release|Any CPU
		{414497A0-C997-48C6-A2BE-CCFEABF833A6}.Release|Any CPU.Build.0 = Release|Any CPU
		{414497A0-C997-48C6-A2BE-CCFEABF833A6}.Release|x64.ActiveCfg = Release|Any CPU
		{414497A0-C997-48C6-A2BE-CCFEABF833A6}.Release|x64.Build.0 = Release|Any CPU
		{414497A0-C997-48C6-A2BE-CCFEABF833A6}.Release|x86.ActiveCfg = Release|Any CPU
		{414497A0-C997-48C6-A2BE-CCFEABF833A6}.Release|x86.Build.0 = Release|Any CPU
		{5B95D3D9-9869-4B28-BA19-C0E4349A0887}.Debug|Any CPU.ActiveCfg = Debug|Any CPU
		{5B95D3D9-9869-4B28-BA19-C0E4349A0887}.Debug|Any CPU.Build.0 = Debug|Any CPU
		{5B95D3D9-9869-4B28-BA19-C0E4349A0887}.Debug|x64.ActiveCfg = Debug|Any CPU
		{5B95D3D9-9869-4B28-BA19-C0E4349A0887}.Debug|x64.Build.0 = Debug|Any CPU
		{5B95D3D9-9869-4B28-BA19-C0E4349A0887}.Debug|x86.ActiveCfg = Debug|Any CPU
		{5B95D3D9-9869-4B28-BA19-C0E4349A0887}.Debug|x86.Build.0 = Debug|Any CPU
		{5B95D3D9-9869-4B28-BA19-C0E4349A0887}.Release|Any CPU.ActiveCfg = Release|Any CPU
		{5B95D3D9-9869-4B28-BA19-C0E4349A0887}.Release|Any CPU.Build.0 = Release|Any CPU
		{5B95D3D9-9869-4B28-BA19-C0E4349A0887}.Release|x64.ActiveCfg = Release|Any CPU
		{5B95D3D9-9869-4B28-BA19-C0E4349A0887}.Release|x64.Build.0 = Release|Any CPU
		{5B95D3D9-9869-4B28-BA19-C0E4349A0887}.Release|x86.ActiveCfg = Release|Any CPU
		{5B95D3D9-9869-4B28-BA19-C0E4349A0887}.Release|x86.Build.0 = Release|Any CPU
		{199CDED0-5668-4F0E-8EA8-B4A925C7915F}.Debug|Any CPU.ActiveCfg = Debug|Any CPU
		{199CDED0-5668-4F0E-8EA8-B4A925C7915F}.Debug|Any CPU.Build.0 = Debug|Any CPU
		{199CDED0-5668-4F0E-8EA8-B4A925C7915F}.Debug|x64.ActiveCfg = Debug|Any CPU
		{199CDED0-5668-4F0E-8EA8-B4A925C7915F}.Debug|x64.Build.0 = Debug|Any CPU
		{199CDED0-5668-4F0E-8EA8-B4A925C7915F}.Debug|x86.ActiveCfg = Debug|Any CPU
		{199CDED0-5668-4F0E-8EA8-B4A925C7915F}.Debug|x86.Build.0 = Debug|Any CPU
		{199CDED0-5668-4F0E-8EA8-B4A925C7915F}.Release|Any CPU.ActiveCfg = Release|Any CPU
		{199CDED0-5668-4F0E-8EA8-B4A925C7915F}.Release|Any CPU.Build.0 = Release|Any CPU
		{199CDED0-5668-4F0E-8EA8-B4A925C7915F}.Release|x64.ActiveCfg = Release|Any CPU
		{199CDED0-5668-4F0E-8EA8-B4A925C7915F}.Release|x64.Build.0 = Release|Any CPU
		{199CDED0-5668-4F0E-8EA8-B4A925C7915F}.Release|x86.ActiveCfg = Release|Any CPU
		{199CDED0-5668-4F0E-8EA8-B4A925C7915F}.Release|x86.Build.0 = Release|Any CPU
		{B3BBDD00-EA72-42C9-87BD-034FC5CCA255}.Debug|Any CPU.ActiveCfg = Debug|Any CPU
		{B3BBDD00-EA72-42C9-87BD-034FC5CCA255}.Debug|Any CPU.Build.0 = Debug|Any CPU
		{B3BBDD00-EA72-42C9-87BD-034FC5CCA255}.Debug|x64.ActiveCfg = Debug|Any CPU
		{B3BBDD00-EA72-42C9-87BD-034FC5CCA255}.Debug|x64.Build.0 = Debug|Any CPU
		{B3BBDD00-EA72-42C9-87BD-034FC5CCA255}.Debug|x86.ActiveCfg = Debug|Any CPU
		{B3BBDD00-EA72-42C9-87BD-034FC5CCA255}.Debug|x86.Build.0 = Debug|Any CPU
		{B3BBDD00-EA72-42C9-87BD-034FC5CCA255}.Release|Any CPU.ActiveCfg = Release|Any CPU
		{B3BBDD00-EA72-42C9-87BD-034FC5CCA255}.Release|Any CPU.Build.0 = Release|Any CPU
		{B3BBDD00-EA72-42C9-87BD-034FC5CCA255}.Release|x64.ActiveCfg = Release|Any CPU
		{B3BBDD00-EA72-42C9-87BD-034FC5CCA255}.Release|x64.Build.0 = Release|Any CPU
		{B3BBDD00-EA72-42C9-87BD-034FC5CCA255}.Release|x86.ActiveCfg = Release|Any CPU
		{B3BBDD00-EA72-42C9-87BD-034FC5CCA255}.Release|x86.Build.0 = Release|Any CPU
		{6977CC95-66B9-4B8E-8478-79C501E51AF7}.Debug|Any CPU.ActiveCfg = Debug|Any CPU
		{6977CC95-66B9-4B8E-8478-79C501E51AF7}.Debug|Any CPU.Build.0 = Debug|Any CPU
		{6977CC95-66B9-4B8E-8478-79C501E51AF7}.Debug|x64.ActiveCfg = Debug|Any CPU
		{6977CC95-66B9-4B8E-8478-79C501E51AF7}.Debug|x64.Build.0 = Debug|Any CPU
		{6977CC95-66B9-4B8E-8478-79C501E51AF7}.Debug|x86.ActiveCfg = Debug|Any CPU
		{6977CC95-66B9-4B8E-8478-79C501E51AF7}.Debug|x86.Build.0 = Debug|Any CPU
		{6977CC95-66B9-4B8E-8478-79C501E51AF7}.Release|Any CPU.ActiveCfg = Release|Any CPU
		{6977CC95-66B9-4B8E-8478-79C501E51AF7}.Release|Any CPU.Build.0 = Release|Any CPU
		{6977CC95-66B9-4B8E-8478-79C501E51AF7}.Release|x64.ActiveCfg = Release|Any CPU
		{6977CC95-66B9-4B8E-8478-79C501E51AF7}.Release|x64.Build.0 = Release|Any CPU
		{6977CC95-66B9-4B8E-8478-79C501E51AF7}.Release|x86.ActiveCfg = Release|Any CPU
		{6977CC95-66B9-4B8E-8478-79C501E51AF7}.Release|x86.Build.0 = Release|Any CPU
		{ADFDB11E-CCB5-42A9-91C5-ED260DE34AA9}.Debug|Any CPU.ActiveCfg = Debug|Any CPU
		{ADFDB11E-CCB5-42A9-91C5-ED260DE34AA9}.Debug|Any CPU.Build.0 = Debug|Any CPU
		{ADFDB11E-CCB5-42A9-91C5-ED260DE34AA9}.Debug|x64.ActiveCfg = Debug|Any CPU
		{ADFDB11E-CCB5-42A9-91C5-ED260DE34AA9}.Debug|x64.Build.0 = Debug|Any CPU
		{ADFDB11E-CCB5-42A9-91C5-ED260DE34AA9}.Debug|x86.ActiveCfg = Debug|Any CPU
		{ADFDB11E-CCB5-42A9-91C5-ED260DE34AA9}.Debug|x86.Build.0 = Debug|Any CPU
		{ADFDB11E-CCB5-42A9-91C5-ED260DE34AA9}.Release|Any CPU.ActiveCfg = Release|Any CPU
		{ADFDB11E-CCB5-42A9-91C5-ED260DE34AA9}.Release|Any CPU.Build.0 = Release|Any CPU
		{ADFDB11E-CCB5-42A9-91C5-ED260DE34AA9}.Release|x64.ActiveCfg = Release|Any CPU
		{ADFDB11E-CCB5-42A9-91C5-ED260DE34AA9}.Release|x64.Build.0 = Release|Any CPU
		{ADFDB11E-CCB5-42A9-91C5-ED260DE34AA9}.Release|x86.ActiveCfg = Release|Any CPU
		{ADFDB11E-CCB5-42A9-91C5-ED260DE34AA9}.Release|x86.Build.0 = Release|Any CPU
		{9347B279-8C2D-44A6-B1C6-535F118E9625}.Debug|Any CPU.ActiveCfg = Debug|Any CPU
		{9347B279-8C2D-44A6-B1C6-535F118E9625}.Debug|Any CPU.Build.0 = Debug|Any CPU
		{9347B279-8C2D-44A6-B1C6-535F118E9625}.Debug|x64.ActiveCfg = Debug|Any CPU
		{9347B279-8C2D-44A6-B1C6-535F118E9625}.Debug|x64.Build.0 = Debug|Any CPU
		{9347B279-8C2D-44A6-B1C6-535F118E9625}.Debug|x86.ActiveCfg = Debug|Any CPU
		{9347B279-8C2D-44A6-B1C6-535F118E9625}.Debug|x86.Build.0 = Debug|Any CPU
		{9347B279-8C2D-44A6-B1C6-535F118E9625}.Release|Any CPU.ActiveCfg = Release|Any CPU
		{9347B279-8C2D-44A6-B1C6-535F118E9625}.Release|Any CPU.Build.0 = Release|Any CPU
		{9347B279-8C2D-44A6-B1C6-535F118E9625}.Release|x64.ActiveCfg = Release|Any CPU
		{9347B279-8C2D-44A6-B1C6-535F118E9625}.Release|x64.Build.0 = Release|Any CPU
		{9347B279-8C2D-44A6-B1C6-535F118E9625}.Release|x86.ActiveCfg = Release|Any CPU
		{9347B279-8C2D-44A6-B1C6-535F118E9625}.Release|x86.Build.0 = Release|Any CPU
	EndGlobalSection
	GlobalSection(NestedProjects) = preSolution
		{414497A0-C997-48C6-A2BE-CCFEABF833A6} = {D3CB86B3-24DF-46D1-BCD7-4CBC7DDC7DD2}
		{5B95D3D9-9869-4B28-BA19-C0E4349A0887} = {D3CB86B3-24DF-46D1-BCD7-4CBC7DDC7DD2}
		{199CDED0-5668-4F0E-8EA8-B4A925C7915F} = {D3CB86B3-24DF-46D1-BCD7-4CBC7DDC7DD2}
		{B3BBDD00-EA72-42C9-87BD-034FC5CCA255} = {D3CB86B3-24DF-46D1-BCD7-4CBC7DDC7DD2}
		{6977CC95-66B9-4B8E-8478-79C501E51AF7} = {1A051F0A-501C-4BF1-92E0-9A4E7C465BAB}
		{ADFDB11E-CCB5-42A9-91C5-ED260DE34AA9} = {1A051F0A-501C-4BF1-92E0-9A4E7C465BAB}
		{9347B279-8C2D-44A6-B1C6-535F118E9625} = {1A051F0A-501C-4BF1-92E0-9A4E7C465BAB}
	EndGlobalSection
EndGlobal
